
Microsoft Visual Studio Solution File, Format Version 12.00
# Visual Studio Version 17
VisualStudioVersion = 17.4.33403.182
MinimumVisualStudioVersion = 10.0.40219.1
Project("{FAE04EC0-301F-11D3-BF4B-00C04F79EFBC}") = "FullStack.API", "FullStack.API\FullStack.API.csproj", "{6FDB57E8-03B9-4AF7-9D81-9ECC9240ADDD}"
EndProject
Global
	GlobalSection(SolutionConfigurationPlatforms) = preSolution
		Debug|Any CPU = Debug|Any CPU
		Release|Any CPU = Release|Any CPU
	EndGlobalSection
	GlobalSection(ProjectConfigurationPlatforms) = postSolution
		{6FDB57E8-03B9-4AF7-9D81-9ECC9240ADDD}.Debug|Any CPU.ActiveCfg = Debug|Any CPU
		{6FDB57E8-03B9-4AF7-9D81-9ECC9240ADDD}.Debug|Any CPU.Build.0 = Debug|Any CPU
		{6FDB57E8-03B9-4AF7-9D81-9ECC9240ADDD}.Release|Any CPU.ActiveCfg = Release|Any CPU
		{6FDB57E8-03B9-4AF7-9D81-9ECC9240ADDD}.Release|Any CPU.Build.0 = Release|Any CPU
	EndGlobalSection
	GlobalSection(SolutionProperties) = preSolution
		HideSolutionNode = FALSE
	EndGlobalSection
	GlobalSection(ExtensibilityGlobals) = postSolution
		SolutionGuid = {2412C52D-A3A8-4BF7-AF2A-6F1B232D98BD}
	EndGlobalSection
EndGlobal
